Microsoft Visual Studio Solution File, Format Version 12.00
# Visual Studio Version 17
VisualStudioVersion = 17.5.2.0
MinimumVisualStudioVersion = 10.0.40219.1
Project("{FAE04EC0-301F-11D3-BF4B-00C04F79EFBC}") = "CompanyDashboardAPI", "CompanyDashboardAPI.csproj", "{9775DC7E-3FED-9F58-0106-A74ABA8AE0B3}"
EndProject
Global
	GlobalSection(SolutionConfigurationPlatforms) = preSolution
		Debug|Any CPU = Debug|Any CPU
		Release|Any CPU = Release|Any CPU
	EndGlobalSection
	GlobalSection(ProjectConfigurationPlatforms) = postSolution
		{9775DC7E-3FED-9F58-0106-A74ABA8AE0B3}.Debug|Any CPU.ActiveCfg = Debug|Any CPU
		{9775DC7E-3FED-9F58-0106-A74ABA8AE0B3}.Debug|Any CPU.Build.0 = Debug|Any CPU
		{9775DC7E-3FED-9F58-0106-A74ABA8AE0B3}.Release|Any CPU.ActiveCfg = Release|Any CPU
		{9775DC7E-3FED-9F58-0106-A74ABA8AE0B3}.Release|Any CPU.Build.0 = Release|Any CPU
	EndGlobalSection
	GlobalSection(SolutionProperties) = preSolution
		HideSolutionNode = FALSE
	EndGlobalSection
	GlobalSection(ExtensibilityGlobals) = postSolution
		SolutionGuid = {3B655B18-B7CE-4DC7-95AD-F7C8D17CF5BA}
	EndGlobalSection
EndGlobal
